
Microsoft Visual Studio Solution File, Format Version 12.00
# Visual Studio Version 16
VisualStudioVersion = 16.0.31613.86
MinimumVisualStudioVersion = 10.0.40219.1
Project("{FAE04EC0-301F-11D3-BF4B-00C04F79EFBC}") = "Test_Camera", "Test_Camera\Test_Camera.csproj", "{993F3FFA-9CFF-4D9B-B40B-FE7366C1A2C2}"
EndProject
Global
	GlobalSection(SolutionConfigurationPlatforms) = preSolution
		Debug|Any CPU = Debug|Any CPU
		Release|Any CPU = Release|Any CPU
	EndGlobalSection
	GlobalSection(ProjectConfigurationPlatforms) = postSolution
		{993F3FFA-9CFF-4D9B-B40B-FE7366C1A2C2}.Debug|Any CPU.ActiveCfg = Debug|Any CPU
		{993F3FFA-9CFF-4D9B-B40B-FE7366C1A2C2}.Debug|Any CPU.Build.0 = Debug|Any CPU
		{993F3FFA-9CFF-4D9B-B40B-FE7366C1A2C2}.Release|Any CPU.ActiveCfg = Release|Any CPU
		{993F3FFA-9CFF-4D9B-B40B-FE7366C1A2C2}.Release|Any CPU.Build.0 = Release|Any CPU
	EndGlobalSection
	GlobalSection(SolutionProperties) = preSolution
		HideSolutionNode = FALSE
	EndGlobalSection
	GlobalSection(ExtensibilityGlobals) = postSolution
		SolutionGuid = {DE565758-F1CA-4C93-B2A5-701F044E62F3}
	EndGlobalSection
EndGlobal
